
Microsoft Visual Studio Solution File, Format Version 12.00
# Visual Studio Version 17
VisualStudioVersion = 17.9.34728.123
MinimumVisualStudioVersion = 10.0.40219.1
Project("{FAE04EC0-301F-11D3-BF4B-00C04F79EFBC}") = "ASP.Net GruppUPG", "ASP.Net GruppUPG\ASP.Net GruppUPG.csproj", "{933FDE6C-FCD4-4A10-93F4-5EFECF5D07C7}"
EndProject
Global
	GlobalSection(SolutionConfigurationPlatforms) = preSolution
		Debug|Any CPU = Debug|Any CPU
		Release|Any CPU = Release|Any CPU
	EndGlobalSection
	GlobalSection(ProjectConfigurationPlatforms) = postSolution
		{933FDE6C-FCD4-4A10-93F4-5EFECF5D07C7}.Debug|Any CPU.ActiveCfg = Debug|Any CPU
		{933FDE6C-FCD4-4A10-93F4-5EFECF5D07C7}.Debug|Any CPU.Build.0 = Debug|Any CPU
		{933FDE6C-FCD4-4A10-93F4-5EFECF5D07C7}.Release|Any CPU.ActiveCfg = Release|Any CPU
		{933FDE6C-FCD4-4A10-93F4-5EFECF5D07C7}.Release|Any CPU.Build.0 = Release|Any CPU
	EndGlobalSection
	GlobalSection(SolutionProperties) = preSolution
		HideSolutionNode = FALSE
	EndGlobalSection
	GlobalSection(ExtensibilityGlobals) = postSolution
		SolutionGuid = {E345C963-0758-484D-A86A-126EBFF1E18A}
	EndGlobalSection
EndGlobal
